{
  "name": "moesif-cloudflare",
  "version": "2.0.3",
  "lockfileVersion": 3,
  "requires": true,
  "packages": {
    "": {
      "name": "moesif-cloudflare",
      "version": "2.0.3",
      "license": "Apache-2.0",
      "dependencies": {
        "brotli-wasm": "^3.0.1"
      },
      "engines": {
        "node": ">=18.0.0"
      }
    },
    "node_modules/brotli-wasm": {
      "version": "3.0.1",
      "resolved": "https://registry.npmjs.org/brotli-wasm/-/brotli-wasm-3.0.1.tgz",
      "integrity": "sha512-U3K72/JAi3jITpdhZBqzSUq+DUY697tLxOuFXB+FpAE/Ug+5C3VZrv4uA674EUZHxNAuQ9wETXNqQkxZD6oL4A==",
      "engines": {
        "node": ">=v18.0.0"
      }
    }
  }
}
